// !$*UTF8*$!
{
	archiveVersion = 1;
	classes = {
	};
	objectVersion = 50;
	objects = {

/* Begin PBXBuildFile section */
		CE38F43824EF6FE000F56D65 /* AppDelegate.m in Sources */ = {isa = PBXBuildFile; fileRef = CE38F43724EF6FE000F56D65 /* AppDelegate.m */; };
		CE38F43B24EF6FE000F56D65 /* SceneDelegate.m in Sources */ = {isa = PBXBuildFile; fileRef = CE38F43A24EF6FE000F56D65 /* SceneDelegate.m */; };
		CE38F43E24EF6FE000F56D65 /* ViewController.m in Sources */ = {isa = PBXBuildFile; fileRef = CE38F43D24EF6FE000F56D65 /* ViewController.m */; };
		CE38F44124EF6FE000F56D65 /* Main.storyboard in Resources */ = {isa = PBXBuildFile; fileRef = CE38F43F24EF6FE000F56D65 /* Main.storyboard */; };
		CE38F44324EF6FE100F56D65 /* Assets.xcassets in Resources */ = {isa = PBXBuildFile; fileRef = CE38F44224EF6FE100F56D65 /* Assets.xcassets */; };
		CE38F44624EF6FE100F56D65 /* LaunchScreen.storyboard in Resources */ = {isa = PBXBuildFile; fileRef = CE38F44424EF6FE100F56D65 /* LaunchScreen.storyboard */; };
		CE38F44924EF6FE100F56D65 /* main.m in Sources */ = {isa = PBXBuildFile; fileRef = CE38F44824EF6FE100F56D65 /* main.m */; };
		CE38F45324EF6FE100F56D65 /* TestPrjTests.m in Sources */ = {isa = PBXBuildFile; fileRef = CE38F45224EF6FE100F56D65 /* TestPrjTests.m */; };
		CE38F45E24EF6FE100F56D65 /* TestPrjUITests.m in Sources */ = {isa = PBXBuildFile; fileRef = CE38F45D24EF6FE100F56D65 /* TestPrjUITests.m */; };
/* End PBXBuildFile section */

/* Begin PBXContainerItemProxy section */
		CE38F44F24EF6FE100F56D65 /* PBXContainerItemProxy */ = {
			isa = PBXContainerItemProxy;
			containerPortal = CE38F42B24EF6FE000F56D65 /* Project object */;
			proxyType = 1;
			remoteGlobalIDString = CE38F43224EF6FE000F56D65;
			remoteInfo = TestPrj;
		};
		CE38F45A24EF6FE100F56D65 /* PBXContainerItemProxy */ = {
			isa = PBXContainerItemProxy;
			containerPortal = CE38F42B24EF6FE000F56D65 /* Project object */;
			proxyType = 1;
			remoteGlobalIDString = CE38F43224EF6FE000F56D65;
			remoteInfo = TestPrj;
		};
/* End PBXContainerItemProxy section */

/* Begin PBXFileReference section */
		CE38F43324EF6FE000F56D65 /* TestPrj.app */ = {isa = PBXFileReference; explicitFileType = wrapper.application; includeInIndex = 0; path = TestPrj.app; sourceTree = BUILT_PRODUCTS_DIR; };
		CE38F43624EF6FE000F56D65 /* AppDelegate.h */ = {isa = PBXFileReference; lastKnownFileType = sourcecode.c.h; path = AppDelegate.h; sourceTree = "<group>"; };
		CE38F43724EF6FE000F56D65 /* AppDelegate.m */ = {isa = PBXFileReference; lastKnownFileType = sourcecode.c.objc; path = AppDelegate.m; sourceTree = "<group>"; };
		CE38F43924EF6FE000F56D65 /* SceneDelegate.h */ = {isa = PBXFileReference; lastKnownFileType = sourcecode.c.h; path = SceneDelegate.h; sourceTree = "<group>"; };
		CE38F43A24EF6FE000F56D65 /* SceneDelegate.m */ = {isa = PBXFileReference; lastKnownFileType = sourcecode.c.objc; path = SceneDelegate.m; sourceTree = "<group>"; };
		CE38F43C24EF6FE000F56D65 /* ViewController.h */ = {isa = PBXFileReference; lastKnownFileType = sourcecode.c.h; path = ViewController.h; sourceTree = "<group>"; };
		CE38F43D24EF6FE000F56D65 /* ViewController.m */ = {isa = PBXFileReference; lastKnownFileType = sourcecode.c.objc; path = ViewController.m; sourceTree = "<group>"; };
		CE38F44024EF6FE000F56D65 /* Base */ = {isa = PBXFileReference; lastKnownFileType = file.storyboard; name = Base; path = Base.lproj/Main.storyboard; sourceTree = "<group>"; };
		CE38F44224EF6FE100F56D65 /* Assets.xcassets */ = {isa = PBXFileReference; lastKnownFileType = folder.assetcatalog; path = Assets.xcassets; sourceTree = "<group>"; };
		CE38F44524EF6FE100F56D65 /* Base */ = {isa = PBXFileReference; lastKnownFileType = file.storyboard; name = Base; path = Base.lproj/LaunchScreen.storyboard; sourceTree = "<group>"; };
		CE38F44724EF6FE100F56D65 /* Info.plist */ = {isa = PBXFileReference; lastKnownFileType = text.plist.xml; path = Info.plist; sourceTree = "<group>"; };
		CE38F44824EF6FE100F56D65 /* main.m */ = {isa = PBXFileReference; lastKnownFileType = sourcecode.c.objc; path = main.m; sourceTree = "<group>"; };
		CE38F44E24EF6FE100F56D65 /* TestPrjTests.xctest */ = {isa = PBXFileReference; explicitFileType = wrapper.cfbundle; includeInIndex = 0; path = TestPrjTests.xctest; sourceTree = BUILT_PRODUCTS_DIR; };
		CE38F45224EF6FE100F56D65 /* TestPrjTests.m */ = {isa = PBXFileReference; lastKnownFileType = sourcecode.c.objc; path = TestPrjTests.m; sourceTree = "<group>"; };
		CE38F45424EF6FE100F56D65 /* Info.plist */ = {isa = PBXFileReference; lastKnownFileType = text.plist.xml; path = Info.plist; sourceTree = "<group>"; };
		CE38F45924EF6FE100F56D65 /* TestPrjUITests.xctest */ = {isa = PBXFileReference; explicitFileType = wrapper.cfbundle; includeInIndex = 0; path = TestPrjUITests.xctest; sourceTree = BUILT_PRODUCTS_DIR; };
		CE38F45D24EF6FE100F56D65 /* TestPrjUITests.m */ = {isa = PBXFileReference; lastKnownFileType = sourcecode.c.objc; path = TestPrjUITests.m; sourceTree = "<group>"; };
		CE38F45F24EF6FE100F56D65 /* Info.plist */ = {isa = PBXFileReference; lastKnownFileType = text.plist.xml; path = Info.plist; sourceTree = "<group>"; };
/* End PBXFileReference section */

/* Begin PBXFrameworksBuildPhase section */
		CE38F43024EF6FE000F56D65 /* Frameworks */ = {
			isa = PBXFrameworksBuildPhase;
			buildActionMask = 2147483647;
			files = (
			);
			runOnlyForDeploymentPostprocessing = 0;
		};
		CE38F44B24EF6FE100F56D65 /* Frameworks */ = {
			isa = PBXFrameworksBuildPhase;
			buildActionMask = 2147483647;
			files = (
			);
			runOnlyForDeploymentPostprocessing = 0;
		};
		CE38F45624EF6FE100F56D65 /* Frameworks */ = {
			isa = PBXFrameworksBuildPhase;
			buildActionMask = 2147483647;
			files = (
			);
			runOnlyForDeploymentPostprocessing = 0;
		};
/* End PBXFrameworksBuildPhase section */

/* Begin PBXGroup section */
		CE38F42A24EF6FE000F56D65 = {
			isa = PBXGroup;
			children = (
				CE38F43524EF6FE000F56D65 /* TestPrj */,
				CE38F45124EF6FE100F56D65 /* TestPrjTests */,
				CE38F45C24EF6FE100F56D65 /* TestPrjUITests */,
				CE38F43424EF6FE000F56D65 /* Products */,
			);
			sourceTree = "<group>";
		};
		CE38F43424EF6FE000F56D65 /* Products */ = {
			isa = PBXGroup;
			children = (
				CE38F43324EF6FE000F56D65 /* TestPrj.app */,
				CE38F44E24EF6FE100F56D65 /* TestPrjTests.xctest */,
				CE38F45924EF6FE100F56D65 /* TestPrjUITests.xctest */,
			);
			name = Products;
			sourceTree = "<group>";
		};
		CE38F43524EF6FE000F56D65 /* TestPrj */ = {
			isa = PBXGroup;
			children = (
				CE38F43624EF6FE000F56D65 /* AppDelegate.h */,
				CE38F43724EF6FE000F56D65 /* AppDelegate.m */,
				CE38F43924EF6FE000F56D65 /* SceneDelegate.h */,
				CE38F43A24EF6FE000F56D65 /* SceneDelegate.m */,
				CE38F43C24EF6FE000F56D65 /* ViewController.h */,
				CE38F43D24EF6FE000F56D65 /* ViewController.m */,
				CE38F43F24EF6FE000F56D65 /* Main.storyboard */,
				CE38F44224EF6FE100F56D65 /* Assets.xcassets */,
				CE38F44424EF6FE100F56D65 /* LaunchScreen.storyboard */,
				CE38F44724EF6FE100F56D65 /* Info.plist */,
				CE38F44824EF6FE100F56D65 /* main.m */,
			);
			path = TestPrj;
			sourceTree = "<group>";
		};
		CE38F45124EF6FE100F56D65 /* TestPrjTests */ = {
			isa = PBXGroup;
			children = (
				CE38F45224EF6FE100F56D65 /* TestPrjTests.m */,
				CE38F45424EF6FE100F56D65 /* Info.plist */,
			);
			path = TestPrjTests;
			sourceTree = "<group>";
		};
		CE38F45C24EF6FE100F56D65 /* TestPrjUITests */ = {
			isa = PBXGroup;
			children = (
				CE38F45D24EF6FE100F56D65 /* TestPrjUITests.m */,
				CE38F45F24EF6FE100F56D65 /* Info.plist */,
			);
			path = TestPrjUITests;
			sourceTree = "<group>";
		};
/* End PBXGroup section */

/* Begin PBXNativeTarget section */
		CE38F43224EF6FE000F56D65 /* TestPrj */ = {
			isa = PBXNativeTarget;
			buildConfigurationList = CE38F46224EF6FE100F56D65 /* Build configuration list for PBXNativeTarget "TestPrj" */;
			buildPhases = (
				CE38F42F24EF6FE000F56D65 /* Sources */,
				CE38F43024EF6FE000F56D65 /* Frameworks */,
				CE38F43124EF6FE000F56D65 /* Resources */,
			);
			buildRules = (
			);
			dependencies = (
			);
			name = TestPrj;
			productName = TestPrj;
			productReference = CE38F43324EF6FE000F56D65 /* TestPrj.app */;
			productType = "com.apple.product-type.application";
		};
		CE38F44D24EF6FE100F56D65 /* TestPrjTests */ = {
			isa = PBXNativeTarget;
			buildConfigurationList = CE38F46524EF6FE100F56D65 /* Build configuration list for PBXNativeTarget "TestPrjTests" */;
			buildPhases = (
				CE38F44A24EF6FE100F56D65 /* Sources */,
				CE38F44B24EF6FE100F56D65 /* Frameworks */,
				CE38F44C24EF6FE100F56D65 /* Resources */,
			);
			buildRules = (
			);
			dependencies = (
				CE38F45024EF6FE100F56D65 /* PBXTargetDependency */,
			);
			name = TestPrjTests;
			productName = TestPrjTests;
			productReference = CE38F44E24EF6FE100F56D65 /* TestPrjTests.xctest */;
			productType = "com.apple.product-type.bundle.unit-test";
		};
		CE38F45824EF6FE100F56D65 /* TestPrjUITests */ = {
			isa = PBXNativeTarget;
			buildConfigurationList = CE38F46824EF6FE100F56D65 /* Build configuration list for PBXNativeTarget "TestPrjUITests" */;
			buildPhases = (
				CE38F45524EF6FE100F56D65 /* Sources */,
				CE38F45624EF6FE100F56D65 /* Frameworks */,
				CE38F45724EF6FE100F56D65 /* Resources */,
			);
			buildRules = (
			);
			dependencies = (
				CE38F45B24EF6FE100F56D65 /* PBXTargetDependency */,
			);
			name = TestPrjUITests;
			productName = TestPrjUITests;
			productReference = CE38F45924EF6FE100F56D65 /* TestPrjUITests.xctest */;
			productType = "com.apple.product-type.bundle.ui-testing";
		};
/* End PBXNativeTarget section */

/* Begin PBXProject section */
		CE38F42B24EF6FE000F56D65 /* Project object */ = {
			isa = PBXProject;
			attributes = {
				LastUpgradeCheck = 1160;
				ORGANIZATIONNAME = USER;
				TargetAttributes = {
					CE38F43224EF6FE000F56D65 = {
						CreatedOnToolsVersion = 11.6;
					};
					CE38F44D24EF6FE100F56D65 = {
						CreatedOnToolsVersion = 11.6;
						TestTargetID = CE38F43224EF6FE000F56D65;
					};
					CE38F45824EF6FE100F56D65 = {
						CreatedOnToolsVersion = 11.6;
						TestTargetID = CE38F43224EF6FE000F56D65;
					};
				};
			};
			buildConfigurationList = CE38F42E24EF6FE000F56D65 /* Build configuration list for PBXProject "TestPrj" */;
			compatibilityVersion = "Xcode 9.3";
			developmentRegion = en;
			hasScannedForEncodings = 0;
			knownRegions = (
				en,
				Base,
			);
			mainGroup = CE38F42A24EF6FE000F56D65;
			productRefGroup = CE38F43424EF6FE000F56D65 /* Products */;
			projectDirPath = "";
			projectRoot = "";
			targets = (
				CE38F43224EF6FE000F56D65 /* TestPrj */,
				CE38F44D24EF6FE100F56D65 /* TestPrjTests */,
				CE38F45824EF6FE100F56D65 /* TestPrjUITests */,
			);
		};
/* End PBXProject section */

/* Begin PBXResourcesBuildPhase section */
		CE38F43124EF6FE000F56D65 /* Resources */ = {
			isa = PBXResourcesBuildPhase;
			buildActionMask = 2147483647;
			files = (
				CE38F44624EF6FE100F56D65 /* LaunchScreen.storyboard in Resources */,
				CE38F44324EF6FE100F56D65 /* Assets.xcassets in Resources */,
				CE38F44124EF6FE000F56D65 /* Main.storyboard in Resources */,
			);
			runOnlyForDeploymentPostprocessing = 0;
		};
		CE38F44C24EF6FE100F56D65 /* Resources */ = {
			isa = PBXResourcesBuildPhase;
			buildActionMask = 2147483647;
			files = (
			);
			runOnlyForDeploymentPostprocessing = 0;
		};
		CE38F45724EF6FE100F56D65 /* Resources */ = {
			isa = PBXResourcesBuildPhase;
			buildActionMask = 2147483647;
			files = (
			);
			runOnlyForDeploymentPostprocessing = 0;
		};
/* End PBXResourcesBuildPhase section */

/* Begin PBXSourcesBuildPhase section */
		CE38F42F24EF6FE000F56D65 /* Sources */ = {
			isa = PBXSourcesBuildPhase;
			buildActionMask = 2147483647;
			files = (
				CE38F43E24EF6FE000F56D65 /* ViewController.m in Sources */,
				CE38F43824EF6FE000F56D65 /* AppDelegate.m in Sources */,
				CE38F44924EF6FE100F56D65 /* main.m in Sources */,
				CE38F43B24EF6FE000F56D65 /* SceneDelegate.m in Sources */,
			);
			runOnlyForDeploymentPostprocessing = 0;
		};
		CE38F44A24EF6FE100F56D65 /* Sources */ = {
			isa = PBXSourcesBuildPhase;
			buildActionMask = 2147483647;
			files = (
				CE38F45324EF6FE100F56D65 /* TestPrjTests.m in Sources */,
			);
			runOnlyForDeploymentPostprocessing = 0;
		};
		CE38F45524EF6FE100F56D65 /* Sources */ = {
			isa = PBXSourcesBuildPhase;
			buildActionMask = 2147483647;
			files = (
				CE38F45E24EF6FE100F56D65 /* TestPrjUITests.m in Sources */,
			);
			runOnlyForDeploymentPostprocessing = 0;
		};
/* End PBXSourcesBuildPhase section */

/* Begin PBXTargetDependency section */
		CE38F45024EF6FE100F56D65 /* PBXTargetDependency */ = {
			isa = PBXTargetDependency;
			target = CE38F43224EF6FE000F56D65 /* TestPrj */;
			targetProxy = CE38F44F24EF6FE100F56D65 /* PBXContainerItemProxy */;
		};
		CE38F45B24EF6FE100F56D65 /* PBXTargetDependency */ = {
			isa = PBXTargetDependency;
			target = CE38F43224EF6FE000F56D65 /* TestPrj */;
			targetProxy = CE38F45A24EF6FE100F56D65 /* PBXContainerItemProxy */;
		};
/* End PBXTargetDependency section */

/* Begin PBXVariantGroup section */
		CE38F43F24EF6FE000F56D65 /* Main.storyboard */ = {
			isa = PBXVariantGroup;
			children = (
				CE38F44024EF6FE000F56D65 /* Base */,
			);
			name = Main.storyboard;
			sourceTree = "<group>";
		};
		CE38F44424EF6FE100F56D65 /* LaunchScreen.storyboard */ = {
			isa = PBXVariantGroup;
			children = (
				CE38F44524EF6FE100F56D65 /* Base */,
			);
			name = LaunchScreen.storyboard;
			sourceTree = "<group>";
		};
/* End PBXVariantGroup section */

/* Begin XCBuildConfiguration section */
		CE38F46024EF6FE100F56D65 /* Debug */ = {
			isa = XCBuildConfiguration;
			buildSettings = {
				ALWAYS_SEARCH_USER_PATHS = NO;
				CLANG_ANALYZER_NONNULL = YES;
				CLANG_ANALYZER_NUMBER_OBJECT_CONVERSION = YES_AGGRESSIVE;
				CLANG_CXX_LANGUAGE_STANDARD = "gnu++14";
				CLANG_CXX_LIBRARY = "libc++";
				CLANG_ENABLE_MODULES = YES;
				CLANG_ENABLE_OBJC_ARC = YES;
				CLANG_ENABLE_OBJC_WEAK = YES;
				CLANG_WARN_BLOCK_CAPTURE_AUTORELEASING = YES;
				CLANG_WARN_BOOL_CONVERSION = YES;
				CLANG_WARN_COMMA = YES;
				CLANG_WARN_CONSTANT_CONVERSION = YES;
				CLANG_WARN_DEPRECATED_OBJC_IMPLEMENTATIONS = YES;
				CLANG_WARN_DIRECT_OBJC_ISA_USAGE = YES_ERROR;
				CLANG_WARN_DOCUMENTATION_COMMENTS = YES;
				CLANG_WARN_EMPTY_BODY = YES;
				CLANG_WARN_ENUM_CONVERSION = YES;
				CLANG_WARN_INFINITE_RECURSION = YES;
				CLANG_WARN_INT_CONVERSION = YES;
				CLANG_WARN_NON_LITERAL_NULL_CONVERSION = YES;
				CLANG_WARN_OBJC_IMPLICIT_RETAIN_SELF = YES;
				CLANG_WARN_OBJC_LITERAL_CONVERSION = YES;
				CLANG_WARN_OBJC_ROOT_CLASS = YES_ERROR;
				CLANG_WARN_RANGE_LOOP_ANALYSIS = YES;
				CLANG_WARN_STRICT_PROTOTYPES = YES;
				CLANG_WARN_SUSPICIOUS_MOVE = YES;
				CLANG_WARN_UNGUARDED_AVAILABILITY = YES_AGGRESSIVE;
				CLANG_WARN_UNREACHABLE_CODE = YES;
				CLANG_WARN__DUPLICATE_METHOD_MATCH = YES;
				COPY_PHASE_STRIP = NO;
				DEBUG_INFORMATION_FORMAT = dwarf;
				ENABLE_STRICT_OBJC_MSGSEND = YES;
				ENABLE_TESTABILITY = YES;
				GCC_C_LANGUAGE_STANDARD = gnu11;
				GCC_DYNAMIC_NO_PIC = NO;
				GCC_NO_COMMON_BLOCKS = YES;
				GCC_OPTIMIZATION_LEVEL = 0;
				GCC_PREPROCESSOR_DEFINITIONS = (
					"DEBUG=1",
					"$(inherited)",
				);
				GCC_WARN_64_TO_32_BIT_CONVERSION = YES;
				GCC_WARN_ABOUT_RETURN_TYPE = YES_ERROR;
				GCC_WARN_UNDECLARED_SELECTOR = YES;
				GCC_WARN_UNINITIALIZED_AUTOS = YES_AGGRESSIVE;
				GCC_WARN_UNUSED_FUNCTION = YES;
				GCC_WARN_UNUSED_VARIABLE = YES;
				IPHONEOS_DEPLOYMENT_TARGET = 13.6;
				MTL_ENABLE_DEBUG_INFO = INCLUDE_SOURCE;
				MTL_FAST_MATH = YES;
				ONLY_ACTIVE_ARCH = YES;
				SDKROOT = iphoneos;
			};
			name = Debug;
		};
		CE38F46124EF6FE100F56D65 /* Release */ = {
			isa = XCBuildConfiguration;
			buildSettings = {
				ALWAYS_SEARCH_USER_PATHS = NO;
				CLANG_ANALYZER_NONNULL = YES;
				CLANG_ANALYZER_NUMBER_OBJECT_CONVERSION = YES_AGGRESSIVE;
				CLANG_CXX_LANGUAGE_STANDARD = "gnu++14";
				CLANG_CXX_LIBRARY = "libc++";
				CLANG_ENABLE_MODULES = YES;
				CLANG_ENABLE_OBJC_ARC = YES;
				CLANG_ENABLE_OBJC_WEAK = YES;
				CLANG_WARN_BLOCK_CAPTURE_AUTORELEASING = YES;
				CLANG_WARN_BOOL_CONVERSION = YES;
				CLANG_WARN_COMMA = YES;
				CLANG_WARN_CONSTANT_CONVERSION = YES;
				CLANG_WARN_DEPRECATED_OBJC_IMPLEMENTATIONS = YES;
				CLANG_WARN_DIRECT_OBJC_ISA_USAGE = YES_ERROR;
				CLANG_WARN_DOCUMENTATION_COMMENTS = YES;
				CLANG_WARN_EMPTY_BODY = YES;
				CLANG_WARN_ENUM_CONVERSION = YES;
				CLANG_WARN_INFINITE_RECURSION = YES;
				CLANG_WARN_INT_CONVERSION = YES;
				CLANG_WARN_NON_LITERAL_NULL_CONVERSION = YES;
				CLANG_WARN_OBJC_IMPLICIT_RETAIN_SELF = YES;
				CLANG_WARN_OBJC_LITERAL_CONVERSION = YES;
				CLANG_WARN_OBJC_ROOT_CLASS = YES_ERROR;
				CLANG_WARN_RANGE_LOOP_ANALYSIS = YES;
				CLANG_WARN_STRICT_PROTOTYPES = YES;
				CLANG_WARN_SUSPICIOUS_MOVE = YES;
				CLANG_WARN_UNGUARDED_AVAILABILITY = YES_AGGRESSIVE;
				CLANG_WARN_UNREACHABLE_CODE = YES;
				CLANG_WARN__DUPLICATE_METHOD_MATCH = YES;
				COPY_PHASE_STRIP = NO;
				DEBUG_INFORMATION_FORMAT = "dwarf-with-dsym";
				ENABLE_NS_ASSERTIONS = NO;
				ENABLE_STRICT_OBJC_MSGSEND = YES;
				GCC_C_LANGUAGE_STANDARD = gnu11;
				GCC_NO_COMMON_BLOCKS = YES;
				GCC_WARN_64_TO_32_BIT_CONVERSION = YES;
				GCC_WARN_ABOUT_RETURN_TYPE = YES_ERROR;
				GCC_WARN_UNDECLARED_SELECTOR = YES;
				GCC_WARN_UNINITIALIZED_AUTOS = YES_AGGRESSIVE;
				GCC_WARN_UNUSED_FUNCTION = YES;
				GCC_WARN_UNUSED_VARIABLE = YES;
				IPHONEOS_DEPLOYMENT_TARGET = 13.6;
				MTL_ENABLE_DEBUG_INFO = NO;
				MTL_FAST_MATH = YES;
				SDKROOT = iphoneos;
				VALIDATE_PRODUCT = YES;
			};
			name = Release;
		};
		CE38F46324EF6FE100F56D65 /* Debug */ = {
			isa = XCBuildConfiguration;
			buildSettings = {
				ASSETCATALOG_COMPILER_APPICON_NAME = AppIcon;
				CODE_SIGN_STYLE = Automatic;
				INFOPLIST_FILE = TestPrj/Info.plist;
				LD_RUNPATH_SEARCH_PATHS = (
					"$(inherited)",
					"@executable_path/Frameworks",
				);
				PRODUCT_BUNDLE_IDENTIFIER = io.appium.TestPrj;
				PRODUCT_NAME = "$(TARGET_NAME)";
				TARGETED_DEVICE_FAMILY = "1,2";
			};
			name = Debug;
		};
		CE38F46424EF6FE100F56D65 /* Release */ = {
			isa = XCBuildConfiguration;
			buildSettings = {
				ASSETCATALOG_COMPILER_APPICON_NAME = AppIcon;
				CODE_SIGN_STYLE = Automatic;
				INFOPLIST_FILE = TestPrj/Info.plist;
				LD_RUNPATH_SEARCH_PATHS = (
					"$(inherited)",
					"@executable_path/Frameworks",
				);
				PRODUCT_BUNDLE_IDENTIFIER = io.appium.TestPrj;
				PRODUCT_NAME = "$(TARGET_NAME)";
				TARGETED_DEVICE_FAMILY = "1,2";
			};
			name = Release;
		};
		CE38F46624EF6FE100F56D65 /* Debug */ = {
			isa = XCBuildConfiguration;
			buildSettings = {
				BUNDLE_LOADER = "$(TEST_HOST)";
				CODE_SIGN_STYLE = Automatic;
				INFOPLIST_FILE = TestPrjTests/Info.plist;
				IPHONEOS_DEPLOYMENT_TARGET = 13.6;
				LD_RUNPATH_SEARCH_PATHS = (
					"$(inherited)",
					"@executable_path/Frameworks",
					"@loader_path/Frameworks",
				);
				PRODUCT_BUNDLE_IDENTIFIER = io.appium.TestPrjTests;
				PRODUCT_NAME = "$(TARGET_NAME)";
				TARGETED_DEVICE_FAMILY = "1,2";
				TEST_HOST = "$(BUILT_PRODUCTS_DIR)/TestPrj.app/TestPrj";
			};
			name = Debug;
		};
		CE38F46724EF6FE100F56D65 /* Release */ = {
			isa = XCBuildConfiguration;
			buildSettings = {
				BUNDLE_LOADER = "$(TEST_HOST)";
				CODE_SIGN_STYLE = Automatic;
				INFOPLIST_FILE = TestPrjTests/Info.plist;
				IPHONEOS_DEPLOYMENT_TARGET = 13.6;
				LD_RUNPATH_SEARCH_PATHS = (
					"$(inherited)",
					"@executable_path/Frameworks",
					"@loader_path/Frameworks",
				);
				PRODUCT_BUNDLE_IDENTIFIER = io.appium.TestPrjTests;
				PRODUCT_NAME = "$(TARGET_NAME)";
				TARGETED_DEVICE_FAMILY = "1,2";
				TEST_HOST = "$(BUILT_PRODUCTS_DIR)/TestPrj.app/TestPrj";
			};
			name = Release;
		};
		CE38F46924EF6FE100F56D65 /* Debug */ = {
			isa = XCBuildConfiguration;
			buildSettings = {
				CODE_SIGN_STYLE = Automatic;
				INFOPLIST_FILE = TestPrjUITests/Info.plist;
				LD_RUNPATH_SEARCH_PATHS = (
					"$(inherited)",
					"@executable_path/Frameworks",
					"@loader_path/Frameworks",
				);
				PRODUCT_BUNDLE_IDENTIFIER = io.appium.TestPrjUITests;
				PRODUCT_NAME = "$(TARGET_NAME)";
				TARGETED_DEVICE_FAMILY = "1,2";
				TEST_TARGET_NAME = TestPrj;
			};
			name = Debug;
		};
		CE38F46A24EF6FE100F56D65 /* Release */ = {
			isa = XCBuildConfiguration;
			buildSettings = {
				CODE_SIGN_STYLE = Automatic;
				INFOPLIST_FILE = TestPrjUITests/Info.plist;
				LD_RUNPATH_SEARCH_PATHS = (
					"$(inherited)",
					"@executable_path/Frameworks",
					"@loader_path/Frameworks",
				);
				PRODUCT_BUNDLE_IDENTIFIER = io.appium.TestPrjUITests;
				PRODUCT_NAME = "$(TARGET_NAME)";
				TARGETED_DEVICE_FAMILY = "1,2";
				TEST_TARGET_NAME = TestPrj;
			};
			name = Release;
		};
/* End XCBuildConfiguration section */

/* Begin XCConfigurationList section */
		CE38F42E24EF6FE000F56D65 /* Build configuration list for PBXProject "TestPrj" */ = {
			isa = XCConfigurationList;
			buildConfigurations = (
				CE38F46024EF6FE100F56D65 /* Debug */,
				CE38F46124EF6FE100F56D65 /* Release */,
			);
			defaultConfigurationIsVisible = 0;
			defaultConfigurationName = Release;
		};
		CE38F46224EF6FE100F56D65 /* Build configuration list for PBXNativeTarget "TestPrj" */ = {
			isa = XCConfigurationList;
			buildConfigurations = (
				CE38F46324EF6FE100F56D65 /* Debug */,
				CE38F46424EF6FE100F56D65 /* Release */,
			);
			defaultConfigurationIsVisible = 0;
			defaultConfigurationName = Release;
		};
		CE38F46524EF6FE100F56D65 /* Build configuration list for PBXNativeTarget "TestPrjTests" */ = {
			isa = XCConfigurationList;
			buildConfigurations = (
				CE38F46624EF6FE100F56D65 /* Debug */,
				CE38F46724EF6FE100F56D65 /* Release */,
			);
			defaultConfigurationIsVisible = 0;
			defaultConfigurationName = Release;
		};
		CE38F46824EF6FE100F56D65 /* Build configuration list for PBXNativeTarget "TestPrjUITests" */ = {
			isa = XCConfigurationList;
			buildConfigurations = (
				CE38F46924EF6FE100F56D65 /* Debug */,
				CE38F46A24EF6FE100F56D65 /* Release */,
			);
			defaultConfigurationIsVisible = 0;
			defaultConfigurationName = Release;
		};
/* End XCConfigurationList section */
	};
	rootObject = CE38F42B24EF6FE000F56D65 /* Project object */;
}
